# THIS IS AN AUTOGENERATED FILE. DO NOT EDIT THIS FILE DIRECTLY.
# yarn lockfile v1


"@babel/helper-string-parser@^7.25.9":
  version "7.25.9"
  resolved "https://registry.yarnpkg.com/@babel/helper-string-parser/-/helper-string-parser-7.25.9.tgz#1aabb72ee72ed35789b4bbcad3ca2862ce614e8c"
  integrity sha512-4A/SCr/2KLd5jrtOMFzaKjVtAei3+2r/NChoBNoZ3EyP/+GlhoaEGoWOZUmFmoITP7zOJyHIMm+DYRd8o3PvHA==

"@babel/helper-validator-identifier@^7.25.9":
  version "7.25.9"
  resolved "https://registry.yarnpkg.com/@babel/helper-validator-identifier/-/helper-validator-identifier-7.25.9.tgz#24b64e2c3ec7cd3b3c547729b8d16871f22cbdc7"
  integrity sha512-Ed61U6XJc3CVRfkERJWDz4dJwKe7iLmmJsbOGu9wSloNSFttHV0I8g6UAgb7qnK5ly5bGLPd4oXZlxCdANBOWQ==

"@babel/parser@^7.25.3":
  version "7.26.2"
  resolved "https://registry.yarnpkg.com/@babel/parser/-/parser-7.26.2.tgz#fd7b6f487cfea09889557ef5d4eeb9ff9a5abd11"
  integrity sha512-DWMCZH9WA4Maitz2q21SRKHo9QXZxkDsbNZoVD62gusNtNBBqDg9i7uOhASfTfIGNzW+O+r7+jAlM8dwphcJKQ==
  dependencies:
    "@babel/types" "^7.26.0"

"@babel/types@^7.26.0":
  version "7.26.0"
  resolved "https://registry.yarnpkg.com/@babel/types/-/types-7.26.0.tgz#deabd08d6b753bc8e0f198f8709fb575e31774ff"
  integrity sha512-Z/yiTPj+lDVnF7lWeKCIJzaIkI0vYO87dMpZ4bg4TDrFe4XXLFWL1TbXU27gBP3QccxV9mZICCrnjnYlJjXHOA==
  dependencies:
    "@babel/helper-string-parser" "^7.25.9"
    "@babel/helper-validator-identifier" "^7.25.9"

"@bufbuild/protobuf@^2.0.0":
  version "2.2.1"
  resolved "https://registry.yarnpkg.com/@bufbuild/protobuf/-/protobuf-2.2.1.tgz#d4dae4ee3db3c1d3922490290b9df366c2c323d6"
  integrity sha512-gdWzq7eX017a1kZCU/bP/sbk4e0GZ6idjsXOcMrQwODCb/rx985fHJJ8+hCu79KpuG7PfZh7bo3BBjPH37JuZw==

"@esbuild/aix-ppc64@0.21.5":
  version "0.21.5"
  resolved "https://registry.yarnpkg.com/@esbuild/aix-ppc64/-/aix-ppc64-0.21.5.tgz#c7184a326533fcdf1b8ee0733e21c713b975575f"
  integrity sha512-1SDgH6ZSPTlggy1yI6+Dbkiz8xzpHJEVAlF/AM1tHPLsf5STom9rwtjE4hKAF20FfXXNTFqEYXyJNWh1GiZedQ==

"@esbuild/android-arm64@0.21.5":
  version "0.21.5"
  resolved "https://registry.yarnpkg.com/@esbuild/android-arm64/-/android-arm64-0.21.5.tgz#09d9b4357780da9ea3a7dfb833a1f1ff439b4052"
  integrity sha512-c0uX9VAUBQ7dTDCjq+wdyGLowMdtR/GoC2U5IYk/7D1H1JYC0qseD7+11iMP2mRLN9RcCMRcjC4YMclCzGwS/A==

"@esbuild/android-arm@0.21.5":
  version "0.21.5"
  resolved "https://registry.yarnpkg.com/@esbuild/android-arm/-/android-arm-0.21.5.tgz#9b04384fb771926dfa6d7ad04324ecb2ab9b2e28"
  integrity sha512-vCPvzSjpPHEi1siZdlvAlsPxXl7WbOVUBBAowWug4rJHb68Ox8KualB+1ocNvT5fjv6wpkX6o/iEpbDrf68zcg==

"@esbuild/android-x64@0.21.5":
  version "0.21.5"
  resolved "https://registry.yarnpkg.com/@esbuild/android-x64/-/android-x64-0.21.5.tgz#29918ec2db754cedcb6c1b04de8cd6547af6461e"
  integrity sha512-D7aPRUUNHRBwHxzxRvp856rjUHRFW1SdQATKXH2hqA0kAZb1hKmi02OpYRacl0TxIGz/ZmXWlbZgjwWYaCakTA==

"@esbuild/darwin-arm64@0.21.5":
  version "0.21.5"
  resolved "https://registry.yarnpkg.com/@esbuild/darwin-arm64/-/darwin-arm64-0.21.5.tgz#e495b539660e51690f3928af50a76fb0a6ccff2a"
  integrity sha512-DwqXqZyuk5AiWWf3UfLiRDJ5EDd49zg6O9wclZ7kUMv2WRFr4HKjXp/5t8JZ11QbQfUS6/cRCKGwYhtNAY88kQ==

"@esbuild/darwin-x64@0.21.5":
  version "0.21.5"
  resolved "https://registry.yarnpkg.com/@esbuild/darwin-x64/-/darwin-x64-0.21.5.tgz#c13838fa57372839abdddc91d71542ceea2e1e22"
  integrity sha512-se/JjF8NlmKVG4kNIuyWMV/22ZaerB+qaSi5MdrXtd6R08kvs2qCN4C09miupktDitvh8jRFflwGFBQcxZRjbw==

"@esbuild/freebsd-arm64@0.21.5":
  version "0.21.5"
  resolved "https://registry.yarnpkg.com/@esbuild/freebsd-arm64/-/freebsd-arm64-0.21.5.tgz#646b989aa20bf89fd071dd5dbfad69a3542e550e"
  integrity sha512-5JcRxxRDUJLX8JXp/wcBCy3pENnCgBR9bN6JsY4OmhfUtIHe3ZW0mawA7+RDAcMLrMIZaf03NlQiX9DGyB8h4g==

"@esbuild/freebsd-x64@0.21.5":
  version "0.21.5"
  resolved "https://registry.yarnpkg.com/@esbuild/freebsd-x64/-/freebsd-x64-0.21.5.tgz#aa615cfc80af954d3458906e38ca22c18cf5c261"
  integrity sha512-J95kNBj1zkbMXtHVH29bBriQygMXqoVQOQYA+ISs0/2l3T9/kj42ow2mpqerRBxDJnmkUDCaQT/dfNXWX/ZZCQ==

"@esbuild/linux-arm64@0.21.5":
  version "0.21.5"
  resolved "https://registry.yarnpkg.com/@esbuild/linux-arm64/-/linux-arm64-0.21.5.tgz#70ac6fa14f5cb7e1f7f887bcffb680ad09922b5b"
  integrity sha512-ibKvmyYzKsBeX8d8I7MH/TMfWDXBF3db4qM6sy+7re0YXya+K1cem3on9XgdT2EQGMu4hQyZhan7TeQ8XkGp4Q==

"@esbuild/linux-arm@0.21.5":
  version "0.21.5"
  resolved "https://registry.yarnpkg.com/@esbuild/linux-arm/-/linux-arm-0.21.5.tgz#fc6fd11a8aca56c1f6f3894f2bea0479f8f626b9"
  integrity sha512-bPb5AHZtbeNGjCKVZ9UGqGwo8EUu4cLq68E95A53KlxAPRmUyYv2D6F0uUI65XisGOL1hBP5mTronbgo+0bFcA==

"@esbuild/linux-ia32@0.21.5":
  version "0.21.5"
  resolved "https://registry.yarnpkg.com/@esbuild/linux-ia32/-/linux-ia32-0.21.5.tgz#3271f53b3f93e3d093d518d1649d6d68d346ede2"
  integrity sha512-YvjXDqLRqPDl2dvRODYmmhz4rPeVKYvppfGYKSNGdyZkA01046pLWyRKKI3ax8fbJoK5QbxblURkwK/MWY18Tg==

"@esbuild/linux-loong64@0.21.5":
  version "0.21.5"
  resolved "https://registry.yarnpkg.com/@esbuild/linux-loong64/-/linux-loong64-0.21.5.tgz#ed62e04238c57026aea831c5a130b73c0f9f26df"
  integrity sha512-uHf1BmMG8qEvzdrzAqg2SIG/02+4/DHB6a9Kbya0XDvwDEKCoC8ZRWI5JJvNdUjtciBGFQ5PuBlpEOXQj+JQSg==

"@esbuild/linux-mips64el@0.21.5":
  version "0.21.5"
  resolved "https://registry.yarnpkg.com/@esbuild/linux-mips64el/-/linux-mips64el-0.21.5.tgz#e79b8eb48bf3b106fadec1ac8240fb97b4e64cbe"
  integrity sha512-IajOmO+KJK23bj52dFSNCMsz1QP1DqM6cwLUv3W1QwyxkyIWecfafnI555fvSGqEKwjMXVLokcV5ygHW5b3Jbg==

"@esbuild/linux-ppc64@0.21.5":
  version "0.21.5"
  resolved "https://registry.yarnpkg.com/@esbuild/linux-ppc64/-/linux-ppc64-0.21.5.tgz#5f2203860a143b9919d383ef7573521fb154c3e4"
  integrity sha512-1hHV/Z4OEfMwpLO8rp7CvlhBDnjsC3CttJXIhBi+5Aj5r+MBvy4egg7wCbe//hSsT+RvDAG7s81tAvpL2XAE4w==

"@esbuild/linux-riscv64@0.21.5":
  version "0.21.5"
  resolved "https://registry.yarnpkg.com/@esbuild/linux-riscv64/-/linux-riscv64-0.21.5.tgz#07bcafd99322d5af62f618cb9e6a9b7f4bb825dc"
  integrity sha512-2HdXDMd9GMgTGrPWnJzP2ALSokE/0O5HhTUvWIbD3YdjME8JwvSCnNGBnTThKGEB91OZhzrJ4qIIxk/SBmyDDA==

"@esbuild/linux-s390x@0.21.5":
  version "0.21.5"
  resolved "https://registry.yarnpkg.com/@esbuild/linux-s390x/-/linux-s390x-0.21.5.tgz#b7ccf686751d6a3e44b8627ababc8be3ef62d8de"
  integrity sha512-zus5sxzqBJD3eXxwvjN1yQkRepANgxE9lgOW2qLnmr8ikMTphkjgXu1HR01K4FJg8h1kEEDAqDcZQtbrRnB41A==

"@esbuild/linux-x64@0.21.5":
  version "0.21.5"
  resolved "https://registry.yarnpkg.com/@esbuild/linux-x64/-/linux-x64-0.21.5.tgz#6d8f0c768e070e64309af8004bb94e68ab2bb3b0"
  integrity sha512-1rYdTpyv03iycF1+BhzrzQJCdOuAOtaqHTWJZCWvijKD2N5Xu0TtVC8/+1faWqcP9iBCWOmjmhoH94dH82BxPQ==

"@esbuild/netbsd-x64@0.21.5":
  version "0.21.5"
  resolved "https://registry.yarnpkg.com/@esbuild/netbsd-x64/-/netbsd-x64-0.21.5.tgz#bbe430f60d378ecb88decb219c602667387a6047"
  integrity sha512-Woi2MXzXjMULccIwMnLciyZH4nCIMpWQAs049KEeMvOcNADVxo0UBIQPfSmxB3CWKedngg7sWZdLvLczpe0tLg==

"@esbuild/openbsd-x64@0.21.5":
  version "0.21.5"
  resolved "https://registry.yarnpkg.com/@esbuild/openbsd-x64/-/openbsd-x64-0.21.5.tgz#99d1cf2937279560d2104821f5ccce220cb2af70"
  integrity sha512-HLNNw99xsvx12lFBUwoT8EVCsSvRNDVxNpjZ7bPn947b8gJPzeHWyNVhFsaerc0n3TsbOINvRP2byTZ5LKezow==

"@esbuild/sunos-x64@0.21.5":
  version "0.21.5"
  resolved "https://registry.yarnpkg.com/@esbuild/sunos-x64/-/sunos-x64-0.21.5.tgz#08741512c10d529566baba837b4fe052c8f3487b"
  integrity sha512-6+gjmFpfy0BHU5Tpptkuh8+uw3mnrvgs+dSPQXQOv3ekbordwnzTVEb4qnIvQcYXq6gzkyTnoZ9dZG+D4garKg==

"@esbuild/win32-arm64@0.21.5":
  version "0.21.5"
  resolved "https://registry.yarnpkg.com/@esbuild/win32-arm64/-/win32-arm64-0.21.5.tgz#675b7385398411240735016144ab2e99a60fc75d"
  integrity sha512-Z0gOTd75VvXqyq7nsl93zwahcTROgqvuAcYDUr+vOv8uHhNSKROyU961kgtCD1e95IqPKSQKH7tBTslnS3tA8A==

"@esbuild/win32-ia32@0.21.5":
  version "0.21.5"
  resolved "https://registry.yarnpkg.com/@esbuild/win32-ia32/-/win32-ia32-0.21.5.tgz#1bfc3ce98aa6ca9a0969e4d2af72144c59c1193b"
  integrity sha512-SWXFF1CL2RVNMaVs+BBClwtfZSvDgtL//G/smwAc5oVK/UPu2Gu9tIaRgFmYFFKrmg3SyAjSrElf0TiJ1v8fYA==

"@esbuild/win32-x64@0.21.5":
  version "0.21.5"
  resolved "https://registry.yarnpkg.com/@esbuild/win32-x64/-/win32-x64-0.21.5.tgz#acad351d582d157bb145535db2a6ff53dd514b5c"
  integrity sha512-tQd/1efJuzPC6rCFwEvLtci/xNFcTZknmXs98FYDfGE4wP9ClFV98nyKrzJKVPMhdDnjzLhdUyMX4PsQAPjwIw==

"@jridgewell/sourcemap-codec@^1.5.0":
  version "1.5.0"
  resolved "https://registry.yarnpkg.com/@jridgewell/sourcemap-codec/-/sourcemap-codec-1.5.0.tgz#3188bcb273a414b0d215fd22a58540b989b9409a"
  integrity sha512-gv3ZRaISU3fjPAgNsriBRqGWQL6quFx04YMPW/zD8XMLsU32mhCCbfbO6KZFLjvYpCZ8zyDEgqsgf+PwPaM7GQ==

"@quasar/extras@^1.0.0":
  version "1.16.12"
  resolved "https://registry.yarnpkg.com/@quasar/extras/-/extras-1.16.12.tgz#2dac82eac8bb6b069a677d2817e479261d51f234"
  integrity sha512-hLlb3Buxo38Xg/2w0BTkz98RBh/VH8apZ2r6Fl8YpPgrVQ0diHyN/BVTvIOk5Kch2y38L2kvwOIddsB2UcCuIg==

"@quasar/vite-plugin@^1.0.0":
  version "1.8.0"
  resolved "https://registry.yarnpkg.com/@quasar/vite-plugin/-/vite-plugin-1.8.0.tgz#a6bf8453f54f6e78660573650d6256f78e8f5b4a"
  integrity sha512-+LC+y29R7dV7Y7GuCZyuC7MZ7E2Qz8r1ViUFQbJEV4+sx3561d/kDKTM7ZS4UQlrGgU22/LCOUrTC07N7g3JGg==

"@rollup/rollup-android-arm-eabi@4.24.3":
  version "4.24.3"
  resolved "https://registry.yarnpkg.com/@rollup/rollup-android-arm-eabi/-/rollup-android-arm-eabi-4.24.3.tgz#49a2a9808074f2683667992aa94b288e0b54fc82"
  integrity sha512-ufb2CH2KfBWPJok95frEZZ82LtDl0A6QKTa8MoM+cWwDZvVGl5/jNb79pIhRvAalUu+7LD91VYR0nwRD799HkQ==

"@rollup/rollup-android-arm64@4.24.3":
  version "4.24.3"
  resolved "https://registry.yarnpkg.com/@rollup/rollup-android-arm64/-/rollup-android-arm64-4.24.3.tgz#197e3bc01c228d3c23591e0fcedca91f8f398ec1"
  integrity sha512-iAHpft/eQk9vkWIV5t22V77d90CRofgR2006UiCjHcHJFVI1E0oBkQIAbz+pLtthFw3hWEmVB4ilxGyBf48i2Q==

"@rollup/rollup-darwin-arm64@4.24.3":
  version "4.24.3"
  resolved "https://registry.yarnpkg.com/@rollup/rollup-darwin-arm64/-/rollup-darwin-arm64-4.24.3.tgz#16772c0309d0dc3cca716580cdac7a1c560ddf46"
  integrity sha512-QPW2YmkWLlvqmOa2OwrfqLJqkHm7kJCIMq9kOz40Zo9Ipi40kf9ONG5Sz76zszrmIZZ4hgRIkez69YnTHgEz1w==

"@rollup/rollup-darwin-x64@4.24.3":
  version "4.24.3"
  resolved "https://registry.yarnpkg.com/@rollup/rollup-darwin-x64/-/rollup-darwin-x64-4.24.3.tgz#4e98120a1c4cda7d4043ccce72347cee53784140"
  integrity sha512-KO0pN5x3+uZm1ZXeIfDqwcvnQ9UEGN8JX5ufhmgH5Lz4ujjZMAnxQygZAVGemFWn+ZZC0FQopruV4lqmGMshow==

"@rollup/rollup-freebsd-arm64@4.24.3":
  version "4.24.3"
  resolved "https://registry.yarnpkg.com/@rollup/rollup-freebsd-arm64/-/rollup-freebsd-arm64-4.24.3.tgz#27145e414986e216e0d9b9a8d488028f33c39566"
  integrity sha512-CsC+ZdIiZCZbBI+aRlWpYJMSWvVssPuWqrDy/zi9YfnatKKSLFCe6fjna1grHuo/nVaHG+kiglpRhyBQYRTK4A==

"@rollup/rollup-freebsd-x64@4.24.3":
  version "4.24.3"
  resolved "https://registry.yarnpkg.com/@rollup/rollup-freebsd-x64/-/rollup-freebsd-x64-4.24.3.tgz#67e75fd87a903090f038b212273c492e5ca6b32f"
  integrity sha512-F0nqiLThcfKvRQhZEzMIXOQG4EeX61im61VYL1jo4eBxv4aZRmpin6crnBJQ/nWnCsjH5F6J3W6Stdm0mBNqBg==

"@rollup/rollup-linux-arm-gnueabihf@4.24.3":
  version "4.24.3"
  resolved "https://registry.yarnpkg.com/@rollup/rollup-linux-arm-gnueabihf/-/rollup-linux-arm-gnueabihf-4.24.3.tgz#bb45ebadbb9496298ab5461373bde357e8f33e88"
  integrity sha512-KRSFHyE/RdxQ1CSeOIBVIAxStFC/hnBgVcaiCkQaVC+EYDtTe4X7z5tBkFyRoBgUGtB6Xg6t9t2kulnX6wJc6A==

"@rollup/rollup-linux-arm-musleabihf@4.24.3":
  version "4.24.3"
  resolved "https://registry.yarnpkg.com/@rollup/rollup-linux-arm-musleabihf/-/rollup-linux-arm-musleabihf-4.24.3.tgz#384276c23feb0a4d6ffa603a9a760decce8b4118"
  integrity sha512-h6Q8MT+e05zP5BxEKz0vi0DhthLdrNEnspdLzkoFqGwnmOzakEHSlXfVyA4HJ322QtFy7biUAVFPvIDEDQa6rw==

"@rollup/rollup-linux-arm64-gnu@4.24.3":
  version "4.24.3"
  resolved "https://registry.yarnpkg.com/@rollup/rollup-linux-arm64-gnu/-/rollup-linux-arm64-gnu-4.24.3.tgz#89e5a4570ddd9eca908324a6de60bd64f904e3f0"
  integrity sha512-fKElSyXhXIJ9pqiYRqisfirIo2Z5pTTve5K438URf08fsypXrEkVmShkSfM8GJ1aUyvjakT+fn2W7Czlpd/0FQ==

"@rollup/rollup-linux-arm64-musl@4.24.3":
  version "4.24.3"
  resolved "https://registry.yarnpkg.com/@rollup/rollup-linux-arm64-musl/-/rollup-linux-arm64-musl-4.24.3.tgz#9ffd7cd6c6c6670d8c039056d6a49ad9f1f66949"
  integrity sha512-YlddZSUk8G0px9/+V9PVilVDC6ydMz7WquxozToozSnfFK6wa6ne1ATUjUvjin09jp34p84milxlY5ikueoenw==

"@rollup/rollup-linux-powerpc64le-gnu@4.24.3":
  version "4.24.3"
  resolved "https://registry.yarnpkg.com/@rollup/rollup-linux-powerpc64le-gnu/-/rollup-linux-powerpc64le-gnu-4.24.3.tgz#4d32ce982e2d25e3b8116336ad5ce6e270b5a024"
  integrity sha512-yNaWw+GAO8JjVx3s3cMeG5Esz1cKVzz8PkTJSfYzE5u7A+NvGmbVFEHP+BikTIyYWuz0+DX9kaA3pH9Sqxp69g==

"@rollup/rollup-linux-riscv64-gnu@4.24.3":
  version "4.24.3"
  resolved "https://registry.yarnpkg.com/@rollup/rollup-linux-riscv64-gnu/-/rollup-linux-riscv64-gnu-4.24.3.tgz#f43d4e0572397e3d3acd82d77d79ce021dea3310"
  integrity sha512-lWKNQfsbpv14ZCtM/HkjCTm4oWTKTfxPmr7iPfp3AHSqyoTz5AgLemYkWLwOBWc+XxBbrU9SCokZP0WlBZM9lA==

"@rollup/rollup-linux-s390x-gnu@4.24.3":
  version "4.24.3"
  resolved "https://registry.yarnpkg.com/@rollup/rollup-linux-s390x-gnu/-/rollup-linux-s390x-gnu-4.24.3.tgz#264f8a4c206173945bdab2a676d638b7945106a9"
  integrity sha512-HoojGXTC2CgCcq0Woc/dn12wQUlkNyfH0I1ABK4Ni9YXyFQa86Fkt2Q0nqgLfbhkyfQ6003i3qQk9pLh/SpAYw==

"@rollup/rollup-linux-x64-gnu@4.24.3":
  version "4.24.3"
  resolved "https://registry.yarnpkg.com/@rollup/rollup-linux-x64-gnu/-/rollup-linux-x64-gnu-4.24.3.tgz#e86172a407b2edd41540ec2ae636e497fadccff6"
  integrity sha512-mnEOh4iE4USSccBOtcrjF5nj+5/zm6NcNhbSEfR3Ot0pxBwvEn5QVUXcuOwwPkapDtGZ6pT02xLoPaNv06w7KQ==

"@rollup/rollup-linux-x64-musl@4.24.3":
  version "4.24.3"
  resolved "https://registry.yarnpkg.com/@rollup/rollup-linux-x64-musl/-/rollup-linux-x64-musl-4.24.3.tgz#8ae9bf78986d1b16ccbc89ab6f2dfa96807d3178"
  integrity sha512-rMTzawBPimBQkG9NKpNHvquIUTQPzrnPxPbCY1Xt+mFkW7pshvyIS5kYgcf74goxXOQk0CP3EoOC1zcEezKXhw==

"@rollup/rollup-win32-arm64-msvc@4.24.3":
  version "4.24.3"
  resolved "https://registry.yarnpkg.com/@rollup/rollup-win32-arm64-msvc/-/rollup-win32-arm64-msvc-4.24.3.tgz#11d6a59f651a3c2a9e5eaab0a99367b77a29c319"
  integrity sha512-2lg1CE305xNvnH3SyiKwPVsTVLCg4TmNCF1z7PSHX2uZY2VbUpdkgAllVoISD7JO7zu+YynpWNSKAtOrX3AiuA==

"@rollup/rollup-win32-ia32-msvc@4.24.3":
  version "4.24.3"
  resolved "https://registry.yarnpkg.com/@rollup/rollup-win32-ia32-msvc/-/rollup-win32-ia32-msvc-4.24.3.tgz#7ff146e53dc6e388b60329b7ec3335501d2b0f98"
  integrity sha512-9SjYp1sPyxJsPWuhOCX6F4jUMXGbVVd5obVpoVEi8ClZqo52ViZewA6eFz85y8ezuOA+uJMP5A5zo6Oz4S5rVQ==

"@rollup/rollup-win32-x64-msvc@4.24.3":
  version "4.24.3"
  resolved "https://registry.yarnpkg.com/@rollup/rollup-win32-x64-msvc/-/rollup-win32-x64-msvc-4.24.3.tgz#7687335781efe6bee14d6ed8eff9746a9f24c9cd"
  integrity sha512-HGZgRFFYrMrP3TJlq58nR1xy8zHKId25vhmm5S9jETEfDf6xybPxsavFTJaufe2zgOGYJBskGlj49CwtEuFhWQ==

"@tauri-apps/api@>=2.0.0", "@tauri-apps/api@^2.0.0":
  version "2.0.3"
  resolved "https://registry.yarnpkg.com/@tauri-apps/api/-/api-2.0.3.tgz#a5cce324373e56d12a43ca2f6a8d730c04e92f80"
  integrity sha512-840qk6n8rbXBXMA5/aAgTYsg5JAubKO0nXw5wf7IzGnUuYKGbB4oFBIZtXOIWy+E0kNTDI3qhq5iqsoMJfwp8g==

"@tauri-apps/cli-darwin-arm64@2.0.4":
  version "2.0.4"
  resolved "https://registry.yarnpkg.com/@tauri-apps/cli-darwin-arm64/-/cli-darwin-arm64-2.0.4.tgz#d6bf266f53f4839aa0977e9f252b66086e803313"
  integrity sha512-siH7rOHobb16rPbc11k64p1mxIpiRCkWmzs2qmL5IX21Gx9K5onI3Tk67Oqpf2uNupbYzItrOttaDT4NHFC7tw==

"@tauri-apps/cli-darwin-x64@2.0.4":
  version "2.0.4"
  resolved "https://registry.yarnpkg.com/@tauri-apps/cli-darwin-x64/-/cli-darwin-x64-2.0.4.tgz#726d8b8bb93a9372a06364e251522362ed2b2e7f"
  integrity sha512-zIccfbCoZMfmUpnk6PFCV0keFyfVj1A9XV3Oiiitj/dkTZ9CQvzjhX3XC0XcK4rsTWegfr2PjSrK06aiPAROAw==

"@tauri-apps/cli-linux-arm-gnueabihf@2.0.4":
  version "2.0.4"
  resolved "https://registry.yarnpkg.com/@tauri-apps/cli-linux-arm-gnueabihf/-/cli-linux-arm-gnueabihf-2.0.4.tgz#c0582621009292d0adff9f3c1431305b5e0dbb5a"
  integrity sha512-fgQqJzefOGWCBNg4yrVA82Rg4s1XQr5K0dc2rCxBhJfa696e8dQ1LDrnWq/AiO5r+uHfVaoQTIUvxxpFicYRSA==

"@tauri-apps/cli-linux-arm64-gnu@2.0.4":
  version "2.0.4"
  resolved "https://registry.yarnpkg.com/@tauri-apps/cli-linux-arm64-gnu/-/cli-linux-arm64-gnu-2.0.4.tgz#61328563ca192744210fc57a62f4b72434ed92fa"
  integrity sha512-u8wbt5tPA9pI6j+d7jGrfOz9UVCiTp+IYzKNiIqlrDsAjqAUFaNXYHKqOUboeFWEmI4zoCWj6LgpS2OJTQ5FKg==

"@tauri-apps/cli-linux-arm64-musl@2.0.4":
  version "2.0.4"
  resolved "https://registry.yarnpkg.com/@tauri-apps/cli-linux-arm64-musl/-/cli-linux-arm64-musl-2.0.4.tgz#5f249d9c992d2188ff4389652c3bf2eab4eb9ccc"
  integrity sha512-hntF1V8e3V1hlrESm93PsghDhf3lA5pbvFrRfYxU1c+fVD/jRXGVw8BH3O1lW8MWwhEg1YdhKk01oAgsuHLuig==

"@tauri-apps/cli-linux-x64-gnu@2.0.4":
  version "2.0.4"
  resolved "https://registry.yarnpkg.com/@tauri-apps/cli-linux-x64-gnu/-/cli-linux-x64-gnu-2.0.4.tgz#571d2dba5fd0af7c11b1ef54967b479fb0367eab"
  integrity sha512-Iq1GGJb+oT1T0ZV8izrgf0cBtlzPCJaWcNueRbf1ZXquMf+FSTyQv+/Lo8rq5T6buOIJOH7cAOTuEWWqiCZteg==

"@tauri-apps/cli-linux-x64-musl@2.0.4":
  version "2.0.4"
  resolved "https://registry.yarnpkg.com/@tauri-apps/cli-linux-x64-musl/-/cli-linux-x64-musl-2.0.4.tgz#9307e796e1e1f35a7b2d11e3d31d96bdb97232cd"
  integrity sha512-9NTk6Pf0bSwXqCBdAA+PDYts9HeHebZzIo8mbRzRyUbER6QngG5HZb9Ka36Z1QWtJjdRy6uxSb4zb/9NuTeHfA==

"@tauri-apps/cli-win32-arm64-msvc@2.0.4":
  version "2.0.4"
  resolved "https://registry.yarnpkg.com/@tauri-apps/cli-win32-arm64-msvc/-/cli-win32-arm64-msvc-2.0.4.tgz#19d580d91303b0b8cf034ce3799e99c16ed3d02a"
  integrity sha512-OF2e9oxiBFR8A8wVMOhUx9QGN/I1ZkquWC7gVQBnA56nx9PabJlDT08QBy5UD8USqZFVznnfNr2ehlheQahb3g==

"@tauri-apps/cli-win32-ia32-msvc@2.0.4":
  version "2.0.4"
  resolved "https://registry.yarnpkg.com/@tauri-apps/cli-win32-ia32-msvc/-/cli-win32-ia32-msvc-2.0.4.tgz#02d7eb635a4b676c034a4b134b78942ac1a41a23"
  integrity sha512-T+hCKB3rFP6q0saHHtR02hm6wr1ZPJ0Mkii3oRTxjPG6BBXoVzHNCYzvdgEGJPTA2sFuAQtJH764NRtNlDMifw==

"@tauri-apps/cli-win32-x64-msvc@2.0.4":
  version "2.0.4"
  resolved "https://registry.yarnpkg.com/@tauri-apps/cli-win32-x64-msvc/-/cli-win32-x64-msvc-2.0.4.tgz#3d686b6967aae7752c8f547de36f1bd96147236c"
  integrity sha512-GVaiI3KWRFLomjJmApHqihhYlkJ+7FqhumhVfBO6Z2tWzZjQyVQgTdNp0kYEuW2WoAYEj0dKY6qd4YM33xYcUA==

"@tauri-apps/cli@>=2.0.0":
  version "2.0.4"
  resolved "https://registry.yarnpkg.com/@tauri-apps/cli/-/cli-2.0.4.tgz#4a76e5903fd556d05585b385f98165baf33114ea"
  integrity sha512-Hl9eFXz+O366+6su9PfaSzu2EJdFe1p8K8ghkWmi40dz8VmSE7vsMTaOStD0I71ckSOkh2ICDX7FQTBgjlpjWw==
  optionalDependencies:
    "@tauri-apps/cli-darwin-arm64" "2.0.4"
    "@tauri-apps/cli-darwin-x64" "2.0.4"
    "@tauri-apps/cli-linux-arm-gnueabihf" "2.0.4"
    "@tauri-apps/cli-linux-arm64-gnu" "2.0.4"
    "@tauri-apps/cli-linux-arm64-musl" "2.0.4"
    "@tauri-apps/cli-linux-x64-gnu" "2.0.4"
    "@tauri-apps/cli-linux-x64-musl" "2.0.4"
    "@tauri-apps/cli-win32-arm64-msvc" "2.0.4"
    "@tauri-apps/cli-win32-ia32-msvc" "2.0.4"
    "@tauri-apps/cli-win32-x64-msvc" "2.0.4"

"@tauri-apps/plugin-http@~2":
  version "2.0.1"
  resolved "https://registry.yarnpkg.com/@tauri-apps/plugin-http/-/plugin-http-2.0.1.tgz#5667b16e0c952aeda07e34d6f0ac7376d85425b4"
  integrity sha512-j6IA3pVBybSCwPpsihpX4z8bs6PluuGtr06ahL/xy4D8HunNBTmRmadJrFOQi0gOAbaig4MkQ15nzNLBLy8R1A==
  dependencies:
    "@tauri-apps/api" "^2.0.0"

"@tauri-apps/plugin-shell@>=2.0.0":
  version "2.0.1"
  resolved "https://registry.yarnpkg.com/@tauri-apps/plugin-shell/-/plugin-shell-2.0.1.tgz#db3ea23e2b34b98ad89e283a87e3e7f7e557f655"
  integrity sha512-akU1b77sw3qHiynrK0s930y8zKmcdrSD60htjH+mFZqv5WaakZA/XxHR3/sF1nNv9Mgmt/Shls37HwnOr00aSw==
  dependencies:
    "@tauri-apps/api" "^2.0.0"

"@tauri-apps/plugin-window-state@~2":
  version "2.0.0"
  resolved "https://registry.yarnpkg.com/@tauri-apps/plugin-window-state/-/plugin-window-state-2.0.0.tgz#bda76aa8a9002c157f14521e5cef4e42fc06af94"
  integrity sha512-O82iRlrh1BLgBI8CTc+NMTPxQhQo8II5admKq9mLvH45Us5i4Zcr74At6eM46nOflFd7R8bZsVNGy+PxOEqUmQ==
  dependencies:
    "@tauri-apps/api" "^2.0.0"

"@types/estree@1.0.6":
  version "1.0.6"
  resolved "https://registry.yarnpkg.com/@types/estree/-/estree-1.0.6.tgz#628effeeae2064a1b4e79f78e81d87b7e5fc7b50"
  integrity sha512-AYnb1nQyY49te+VRAVgmzfcgjYS91mY5P0TKUDCLEM+gNnA+3T6rWITXRLYCpahpqSQbN5cE+gHpnPyXjHWxcw==

"@types/node-fetch@^2.6.4":
  version "2.6.11"
  resolved "https://registry.yarnpkg.com/@types/node-fetch/-/node-fetch-2.6.11.tgz#9b39b78665dae0e82a08f02f4967d62c66f95d24"
  integrity sha512-24xFj9R5+rfQJLRyM56qh+wnVSYhyXC2tkoBndtY0U+vubqNsYXGjufB2nn8Q6gt0LrARwL6UBtMCSVCwl4B1g==
  dependencies:
    "@types/node" "*"
    form-data "^4.0.0"

"@types/node@*":
  version "22.8.5"
  resolved "https://registry.yarnpkg.com/@types/node/-/node-22.8.5.tgz#a978fb6755dbb32889b0bc3e37554dbc04f261a6"
  integrity sha512-5iYk6AMPtsMbkZqCO1UGF9W5L38twq11S2pYWkybGHH2ogPUvXWNlQqJBzuEZWKj/WRH+QTeiv6ySWqJtvIEgA==
  dependencies:
    undici-types "~6.19.8"

"@types/node@^18.11.18":
  version "18.19.62"
  resolved "https://registry.yarnpkg.com/@types/node/-/node-18.19.62.tgz#7f72e51bbee9d34a91b04faa1c5d098617410b48"
  integrity sha512-UOGhw+yZV/icyM0qohQVh3ktpY40Sp7tdTW7HxG3pTd7AiMrlFlAJNUrGK9t5mdW0+ViQcFV74zCSIx9ZJpncA==
  dependencies:
    undici-types "~5.26.4"

"@vitejs/plugin-vue@^5.0.5":
  version "5.1.4"
  resolved "https://registry.yarnpkg.com/@vitejs/plugin-vue/-/plugin-vue-5.1.4.tgz#72b8b705cfce36b00b59af196195146e356500c4"
  integrity sha512-N2XSI2n3sQqp5w7Y/AN/L2XDjBIRGqXko+eDp42sydYSBeJuSm5a1sLf8zakmo8u7tA8NmBgoDLA1HeOESjp9A==

"@vue/compiler-core@3.5.12":
  version "3.5.12"
  resolved "https://registry.yarnpkg.com/@vue/compiler-core/-/compiler-core-3.5.12.tgz#bd70b7dabd12b0b6f31bc53418ba3da77994c437"
  integrity sha512-ISyBTRMmMYagUxhcpyEH0hpXRd/KqDU4ymofPgl2XAkY9ZhQ+h0ovEZJIiPop13UmR/54oA2cgMDjgroRelaEw==
  dependencies:
    "@babel/parser" "^7.25.3"
    "@vue/shared" "3.5.12"
    entities "^4.5.0"
    estree-walker "^2.0.2"
    source-map-js "^1.2.0"

"@vue/compiler-dom@3.5.12":
  version "3.5.12"
  resolved "https://registry.yarnpkg.com/@vue/compiler-dom/-/compiler-dom-3.5.12.tgz#456d631d11102535b7ee6fd954cf2c93158d0354"
  integrity sha512-9G6PbJ03uwxLHKQ3P42cMTi85lDRvGLB2rSGOiQqtXELat6uI4n8cNz9yjfVHRPIu+MsK6TE418Giruvgptckg==
  dependencies:
    "@vue/compiler-core" "3.5.12"
    "@vue/shared" "3.5.12"

"@vue/compiler-sfc@3.5.12":
  version "3.5.12"
  resolved "https://registry.yarnpkg.com/@vue/compiler-sfc/-/compiler-sfc-3.5.12.tgz#6688120d905fcf22f7e44d3cb90f8dabc4dd3cc8"
  integrity sha512-2k973OGo2JuAa5+ZlekuQJtitI5CgLMOwgl94BzMCsKZCX/xiqzJYzapl4opFogKHqwJk34vfsaKpfEhd1k5nw==
  dependencies:
    "@babel/parser" "^7.25.3"
    "@vue/compiler-core" "3.5.12"
    "@vue/compiler-dom" "3.5.12"
    "@vue/compiler-ssr" "3.5.12"
    "@vue/shared" "3.5.12"
    estree-walker "^2.0.2"
    magic-string "^0.30.11"
    postcss "^8.4.47"
    source-map-js "^1.2.0"

"@vue/compiler-ssr@3.5.12":
  version "3.5.12"
  resolved "https://registry.yarnpkg.com/@vue/compiler-ssr/-/compiler-ssr-3.5.12.tgz#5f1a3fbd5c44b79a6dbe88729f7801d9c9218bde"
  integrity sha512-eLwc7v6bfGBSM7wZOGPmRavSWzNFF6+PdRhE+VFJhNCgHiF8AM7ccoqcv5kBXA2eWUfigD7byekvf/JsOfKvPA==
  dependencies:
    "@vue/compiler-dom" "3.5.12"
    "@vue/shared" "3.5.12"

"@vue/devtools-api@^6.6.3":
  version "6.6.4"
  resolved "https://registry.yarnpkg.com/@vue/devtools-api/-/devtools-api-6.6.4.tgz#cbe97fe0162b365edc1dba80e173f90492535343"
  integrity sha512-sGhTPMuXqZ1rVOk32RylztWkfXTRhuS7vgAKv0zjqk8gbsHkJ7xfFf+jbySxt7tWObEJwyKaHMikV/WGDiQm8g==

"@vue/reactivity@3.5.12":
  version "3.5.12"
  resolved "https://registry.yarnpkg.com/@vue/reactivity/-/reactivity-3.5.12.tgz#a2815d91842ed7b9e7e7936c851923caf6b6e603"
  integrity sha512-UzaN3Da7xnJXdz4Okb/BGbAaomRHc3RdoWqTzlvd9+WBR5m3J39J1fGcHes7U3za0ruYn/iYy/a1euhMEHvTAg==
  dependencies:
    "@vue/shared" "3.5.12"

"@vue/runtime-core@3.5.12":
  version "3.5.12"
  resolved "https://registry.yarnpkg.com/@vue/runtime-core/-/runtime-core-3.5.12.tgz#849207f203d0fd82971f19574d30dbe7134c78c7"
  integrity sha512-hrMUYV6tpocr3TL3Ad8DqxOdpDe4zuQY4HPY3X/VRh+L2myQO8MFXPAMarIOSGNu0bFAjh1yBkMPXZBqCk62Uw==
  dependencies:
    "@vue/reactivity" "3.5.12"
    "@vue/shared" "3.5.12"

"@vue/runtime-dom@3.5.12":
  version "3.5.12"
  resolved "https://registry.yarnpkg.com/@vue/runtime-dom/-/runtime-dom-3.5.12.tgz#6d4de3df49a90a460b311b1100baa5e2d0d1c8c9"
  integrity sha512-q8VFxR9A2MRfBr6/55Q3umyoN7ya836FzRXajPB6/Vvuv0zOPL+qltd9rIMzG/DbRLAIlREmnLsplEF/kotXKA==
  dependencies:
    "@vue/reactivity" "3.5.12"
    "@vue/runtime-core" "3.5.12"
    "@vue/shared" "3.5.12"
    csstype "^3.1.3"

"@vue/server-renderer@3.5.12":
  version "3.5.12"
  resolved "https://registry.yarnpkg.com/@vue/server-renderer/-/server-renderer-3.5.12.tgz#79c6bc3860e4e4ef80d85653c5d03fd94b26574e"
  integrity sha512-I3QoeDDeEPZm8yR28JtY+rk880Oqmj43hreIBVTicisFTx/Dl7JpG72g/X7YF8hnQD3IFhkky5i2bPonwrTVPg==
  dependencies:
    "@vue/compiler-ssr" "3.5.12"
    "@vue/shared" "3.5.12"

"@vue/shared@3.5.12":
  version "3.5.12"
  resolved "https://registry.yarnpkg.com/@vue/shared/-/shared-3.5.12.tgz#f9e45b7f63f2c3f40d84237b1194b7f67de192e3"
  integrity sha512-L2RPSAwUFbgZH20etwrXyVyCBu9OxRSi8T/38QsvnkJyvq2LufW2lDCOzm7t/U9C1mkhJGWYfCuFBCmIuNivrg==

abort-controller@^3.0.0:
  version "3.0.0"
  resolved "https://registry.yarnpkg.com/abort-controller/-/abort-controller-3.0.0.tgz#eaf54d53b62bae4138e809ca225c8439a6efb392"
  integrity sha512-h8lQ8tacZYnR3vNQTgibj+tODHI5/+l06Au2Pcriv/Gmet0eaj4TwWH41sO9wnHDiQsEj19q0drzdWdeAHtweg==
  dependencies:
    event-target-shim "^5.0.0"

agentkeepalive@^4.2.1:
  version "4.5.0"
  resolved "https://registry.yarnpkg.com/agentkeepalive/-/agentkeepalive-4.5.0.tgz#2673ad1389b3c418c5a20c5d7364f93ca04be923"
  integrity sha512-5GG/5IbQQpC9FpkRGsSvZI5QYeSCzlJHdpBQntCsuTOxhKD8lqKhrleg2Yi7yvMIf82Ycmmqln9U8V9qwEiJew==
  dependencies:
    humanize-ms "^1.2.1"

argparse@^2.0.1:
  version "2.0.1"
  resolved "https://registry.yarnpkg.com/argparse/-/argparse-2.0.1.tgz#246f50f3ca78a3240f6c997e8a9bd1eac49e4b38"
  integrity sha512-8+9WqebbFzpX9OR+Wa6O29asIogeRMzcGtAINdpMHHyAg10f05aSFVBbcEqGf/PXw1EjAZ+q2/bEBg3DvurK3Q==

asynckit@^0.4.0:
  version "0.4.0"
  resolved "https://registry.yarnpkg.com/asynckit/-/asynckit-0.4.0.tgz#c79ed97f7f34cb8f2ba1bc9790bcc366474b4b79"
  integrity sha512-Oei9OH4tRh0YqU3GxhX79dM/mwVgvbZJaSNaRk+bshkj0S5cfHcgYakreBjrHwatXKbz+IoIdYLxrKim2MjW0Q==

buffer-builder@^0.2.0:
  version "0.2.0"
  resolved "https://registry.yarnpkg.com/buffer-builder/-/buffer-builder-0.2.0.tgz#3322cd307d8296dab1f604618593b261a3fade8f"
  integrity sha512-7VPMEPuYznPSoR21NE1zvd2Xna6c/CloiZCfcMXR1Jny6PjX0N4Nsa38zcBFo/FMK+BlA+FLKbJCQ0i2yxp+Xg==

colorjs.io@^0.5.0:
  version "0.5.2"
  resolved "https://registry.yarnpkg.com/colorjs.io/-/colorjs.io-0.5.2.tgz#63b20139b007591ebc3359932bef84628eb3fcef"
  integrity sha512-twmVoizEW7ylZSN32OgKdXRmo1qg+wT5/6C3xu5b9QsWzSFAhHLn2xd8ro0diCsKfCj1RdaTP/nrcW+vAoQPIw==

combined-stream@^1.0.8:
  version "1.0.8"
  resolved "https://registry.yarnpkg.com/combined-stream/-/combined-stream-1.0.8.tgz#c3d45a8b34fd730631a110a8a2520682b31d5a7f"
  integrity sha512-FQN4MRfuJeHf7cBbBMJFXhKSDq+2kAArBlmRBvcvFE5BB1HZKXtSFASDhdlz9zOYwxh8lDdnvmMOe/+5cdoEdg==
  dependencies:
    delayed-stream "~1.0.0"

csstype@^3.1.3:
  version "3.1.3"
  resolved "https://registry.yarnpkg.com/csstype/-/csstype-3.1.3.tgz#d80ff294d114fb0e6ac500fbf85b60137d7eff81"
  integrity sha512-M1uQkMl8rQK/szD0LNhtqxIPLpimGm8sOBwU7lLnCpSbTyY3yeU1Vc7l4KT5zT4s/yOxHH5O7tIuuLOCnLADRw==

delayed-stream@~1.0.0:
  version "1.0.0"
  resolved "https://registry.yarnpkg.com/delayed-stream/-/delayed-stream-1.0.0.tgz#df3ae199acadfb7d440aaae0b29e2272b24ec619"
  integrity sha512-ZySD7Nf91aLB0RxL4KGrKHBXl7Eds1DAmEdcoVawXnLD7SDhpNgtuII2aAkg7a7QS41jxPSZ17p4VdGnMHk3MQ==

entities@^4.4.0, entities@^4.5.0:
  version "4.5.0"
  resolved "https://registry.yarnpkg.com/entities/-/entities-4.5.0.tgz#5d268ea5e7113ec74c4d033b79ea5a35a488fb48"
  integrity sha512-V0hjH4dGPh9Ao5p0MoRY6BVqtwCjhz6vI5LT8AJ55H+4g9/4vbHx1I54fS0XuclLhDHArPQCiMjDxjaL8fPxhw==

esbuild@^0.21.3:
  version "0.21.5"
  resolved "https://registry.yarnpkg.com/esbuild/-/esbuild-0.21.5.tgz#9ca301b120922959b766360d8ac830da0d02997d"
  integrity sha512-mg3OPMV4hXywwpoDxu3Qda5xCKQi+vCTZq8S9J/EpkhB2HzKXq4SNFZE3+NK93JYxc8VMSep+lOUSC/RVKaBqw==
  optionalDependencies:
    "@esbuild/aix-ppc64" "0.21.5"
    "@esbuild/android-arm" "0.21.5"
    "@esbuild/android-arm64" "0.21.5"
    "@esbuild/android-x64" "0.21.5"
    "@esbuild/darwin-arm64" "0.21.5"
    "@esbuild/darwin-x64" "0.21.5"
    "@esbuild/freebsd-arm64" "0.21.5"
    "@esbuild/freebsd-x64" "0.21.5"
    "@esbuild/linux-arm" "0.21.5"
    "@esbuild/linux-arm64" "0.21.5"
    "@esbuild/linux-ia32" "0.21.5"
    "@esbuild/linux-loong64" "0.21.5"
    "@esbuild/linux-mips64el" "0.21.5"
    "@esbuild/linux-ppc64" "0.21.5"
    "@esbuild/linux-riscv64" "0.21.5"
    "@esbuild/linux-s390x" "0.21.5"
    "@esbuild/linux-x64" "0.21.5"
    "@esbuild/netbsd-x64" "0.21.5"
    "@esbuild/openbsd-x64" "0.21.5"
    "@esbuild/sunos-x64" "0.21.5"
    "@esbuild/win32-arm64" "0.21.5"
    "@esbuild/win32-ia32" "0.21.5"
    "@esbuild/win32-x64" "0.21.5"

estree-walker@^2.0.2:
  version "2.0.2"
  resolved "https://registry.yarnpkg.com/estree-walker/-/estree-walker-2.0.2.tgz#52f010178c2a4c117a7757cfe942adb7d2da4cac"
  integrity sha512-Rfkk/Mp/DL7JVje3u18FxFujQlTNR2q6QfMSMB7AvCBx91NGj/ba3kCfza0f6dVDbw7YlRf/nDrn7pQrCCyQ/w==

event-target-shim@^5.0.0:
  version "5.0.1"
  resolved "https://registry.yarnpkg.com/event-target-shim/-/event-target-shim-5.0.1.tgz#5d4d3ebdf9583d63a5333ce2deb7480ab2b05789"
  integrity sha512-i/2XbnSz/uxRCU6+NdVJgKWDTM427+MqYbkQzD321DuCQJUqOuJKIA0IM2+W2xtYHdKOmZ4dR6fExsd4SXL+WQ==

form-data-encoder@1.7.2:
  version "1.7.2"
  resolved "https://registry.yarnpkg.com/form-data-encoder/-/form-data-encoder-1.7.2.tgz#1f1ae3dccf58ed4690b86d87e4f57c654fbab040"
  integrity sha512-qfqtYan3rxrnCk1VYaA4H+Ms9xdpPqvLZa6xmMgFvhO32x7/3J/ExcTd6qpxM0vH2GdMI+poehyBZvqfMTto8A==

form-data@^4.0.0:
  version "4.0.1"
  resolved "https://registry.yarnpkg.com/form-data/-/form-data-4.0.1.tgz#ba1076daaaa5bfd7e99c1a6cb02aa0a5cff90d48"
  integrity sha512-tzN8e4TX8+kkxGPK8D5u0FNmjPUjw3lwC9lSLxxoB/+GtsJG91CO8bSWy73APlgAZzZbXEYZJuxjkHH2w+Ezhw==
  dependencies:
    asynckit "^0.4.0"
    combined-stream "^1.0.8"
    mime-types "^2.1.12"

formdata-node@^4.3.2:
  version "4.4.1"
  resolved "https://registry.yarnpkg.com/formdata-node/-/formdata-node-4.4.1.tgz#23f6a5cb9cb55315912cbec4ff7b0f59bbd191e2"
  integrity sha512-0iirZp3uVDjVGt9p49aTaqjk84TrglENEDuqfdlZQ1roC9CWlPk6Avf8EEnZNcAqPonwkG35x4n3ww/1THYAeQ==
  dependencies:
    node-domexception "1.0.0"
    web-streams-polyfill "4.0.0-beta.3"

fsevents@~2.3.2, fsevents@~2.3.3:
  version "2.3.3"
  resolved "https://registry.yarnpkg.com/fsevents/-/fsevents-2.3.3.tgz#cac6407785d03675a2a5e1a5305c697b347d90d6"
  integrity sha512-5xoDfX+fL7faATnagmWPpbFtwh/R77WmMMqqHGS65C3vvB0YHrgF+B1YmZ3441tMj5n63k0212XNoJwzlhffQw==

has-flag@^4.0.0:
  version "4.0.0"
  resolved "https://registry.yarnpkg.com/has-flag/-/has-flag-4.0.0.tgz#944771fd9c81c81265c4d6941860da06bb59479b"
  integrity sha512-EykJT/Q1KjTWctppgIAgfSO0tKVuZUjhgMr17kqTumMl6Afv3EISleU7qZUzoXDFTAHTDC4NOoG/ZxU3EvlMPQ==

humanize-ms@^1.2.1:
  version "1.2.1"
  resolved "https://registry.yarnpkg.com/humanize-ms/-/humanize-ms-1.2.1.tgz#c46e3159a293f6b896da29316d8b6fe8bb79bbed"
  integrity sha512-Fl70vYtsAFb/C06PTS9dZBo7ihau+Tu/DNCk/OyHhea07S+aeMWpFFkUaXRa8fI+ScZbEI8dfSxwY7gxZ9SAVQ==
  dependencies:
    ms "^2.0.0"

immutable@^4.0.0:
  version "4.3.7"
  resolved "https://registry.yarnpkg.com/immutable/-/immutable-4.3.7.tgz#c70145fc90d89fb02021e65c84eb0226e4e5a381"
  integrity sha512-1hqclzwYwjRDFLjcFxOM5AYkkG0rpFPpr1RLPMEuGczoS7YA8gLhy8SWXYRAA/XwfEHpfo3cw5JGioS32fnMRw==

linkify-it@^5.0.0:
  version "5.0.0"
  resolved "https://registry.yarnpkg.com/linkify-it/-/linkify-it-5.0.0.tgz#9ef238bfa6dc70bd8e7f9572b52d369af569b421"
  integrity sha512-5aHCbzQRADcdP+ATqnDuhhJ/MRIqDkZX5pyjFHRRysS8vZ5AbqGEoFIb6pYHPZ+L/OC2Lc+xT8uHVVR5CAK/wQ==
  dependencies:
    uc.micro "^2.0.0"

magic-string@^0.30.11:
  version "0.30.12"
  resolved "https://registry.yarnpkg.com/magic-string/-/magic-string-0.30.12.tgz#9eb11c9d072b9bcb4940a5b2c2e1a217e4ee1a60"
  integrity sha512-Ea8I3sQMVXr8JhN4z+H/d8zwo+tYDgHE9+5G4Wnrwhs0gaK9fXTKx0Tw5Xwsd/bCPTTZNRAdpyzvoeORe9LYpw==
  dependencies:
    "@jridgewell/sourcemap-codec" "^1.5.0"

markdown-it@^14.1.0:
  version "14.1.0"
  resolved "https://registry.yarnpkg.com/markdown-it/-/markdown-it-14.1.0.tgz#3c3c5992883c633db4714ccb4d7b5935d98b7d45"
  integrity sha512-a54IwgWPaeBCAAsv13YgmALOF1elABB08FxO9i+r4VFk5Vl4pKokRPeX8u5TCgSsPi6ec1otfLjdOpVcgbpshg==
  dependencies:
    argparse "^2.0.1"
    entities "^4.4.0"
    linkify-it "^5.0.0"
    mdurl "^2.0.0"
    punycode.js "^2.3.1"
    uc.micro "^2.1.0"

mdurl@^2.0.0:
  version "2.0.0"
  resolved "https://registry.yarnpkg.com/mdurl/-/mdurl-2.0.0.tgz#80676ec0433025dd3e17ee983d0fe8de5a2237e0"
  integrity sha512-Lf+9+2r+Tdp5wXDXC4PcIBjTDtq4UKjCPMQhKIuzpJNW0b96kVqSwW0bT7FhRSfmAiFYgP+SCRvdrDozfh0U5w==

mime-db@1.52.0:
  version "1.52.0"
  resolved "https://registry.yarnpkg.com/mime-db/-/mime-db-1.52.0.tgz#bbabcdc02859f4987301c856e3387ce5ec43bf70"
  integrity sha512-sPU4uV7dYlvtWJxwwxHD0PuihVNiE7TyAbQ5SWxDCB9mUYvOgroQOwYQQOKPJ8CIbE+1ETVlOoK1UC2nU3gYvg==

mime-types@^2.1.12:
  version "2.1.35"
  resolved "https://registry.yarnpkg.com/mime-types/-/mime-types-2.1.35.tgz#381a871b62a734450660ae3deee44813f70d959a"
  integrity sha512-ZDY+bPm5zTTF+YpCrAU9nK0UgICYPT0QtT1NZWFv4s++TNkcgVaT0g6+4R2uI4MjQjzysHB1zxuWL50hzaeXiw==
  dependencies:
    mime-db "1.52.0"

ms@^2.0.0:
  version "2.1.3"
  resolved "https://registry.yarnpkg.com/ms/-/ms-2.1.3.tgz#574c8138ce1d2b5861f0b44579dbadd60c6615b2"
  integrity sha512-6FlzubTLZG3J2a/NVCAleEhjzq5oxgHyaCU9yYXvcLsvoVaHJq/s5xXI6/XXP6tz7R9xAOtHnSO/tXtF3WRTlA==

nanoid@^3.3.7:
  version "3.3.7"
  resolved "https://registry.yarnpkg.com/nanoid/-/nanoid-3.3.7.tgz#d0c301a691bc8d54efa0a2226ccf3fe2fd656bd8"
  integrity sha512-eSRppjcPIatRIMC1U6UngP8XFcz8MQWGQdt1MTBQ7NaAmvXDfvNxbvWV3x2y6CdEUciCSsDHDQZbhYaB8QEo2g==

node-domexception@1.0.0:
  version "1.0.0"
  resolved "https://registry.yarnpkg.com/node-domexception/-/node-domexception-1.0.0.tgz#6888db46a1f71c0b76b3f7555016b63fe64766e5"
  integrity sha512-/jKZoMpw0F8GRwl4/eLROPA3cfcXtLApP0QzLmUT/HuPCZWyB7IY9ZrMeKw2O/nFIqPQB3PVM9aYm0F312AXDQ==

node-fetch@^2.6.7:
  version "2.7.0"
  resolved "https://registry.yarnpkg.com/node-fetch/-/node-fetch-2.7.0.tgz#d0f0fa6e3e2dc1d27efcd8ad99d550bda94d187d"
  integrity sha512-c4FRfUm/dbcWZ7U+1Wq0AwCyFL+3nt2bEw05wfxSz+DWpWsitgmSgYmy2dQdWyKC1694ELPqMs/YzUSNozLt8A==
  dependencies:
    whatwg-url "^5.0.0"

openai@^4.63.0:
  version "4.69.0"
  resolved "https://registry.yarnpkg.com/openai/-/openai-4.69.0.tgz#ac2463719280987e506e4bd62dd477337e2406a1"
  integrity sha512-S3hOHSkk609KqwgH+7dwFrSvO3Gm3Nk0YWGyPHNscoMH/Y2tH1qunMi7gtZnLbUv4/N1elqCp6bDior2401kCQ==
  dependencies:
    "@types/node" "^18.11.18"
    "@types/node-fetch" "^2.6.4"
    abort-controller "^3.0.0"
    agentkeepalive "^4.2.1"
    form-data-encoder "1.7.2"
    formdata-node "^4.3.2"
    node-fetch "^2.6.7"

picocolors@^1.1.0:
  version "1.1.1"
  resolved "https://registry.yarnpkg.com/picocolors/-/picocolors-1.1.1.tgz#3d321af3eab939b083c8f929a1d12cda81c26b6b"
  integrity sha512-xceH2snhtb5M9liqDsmEw56le376mTZkEX/jEb/RxNFyegNul7eNslCXP9FDj/Lcu0X8KEyMceP2ntpaHrDEVA==

pinia@^2.0.0:
  version "2.2.5"
  resolved "https://registry.yarnpkg.com/pinia/-/pinia-2.2.5.tgz#3269ff2cd67ae3dcc939334c0cf985f86c48b7a1"
  integrity sha512-T4PEQ4uFv2KIRC8A1Y3k1ceQGTDtxtd7nngYGu1IJUUSpuQoYfGq7w7rOc+f5YN1vx3mEs2NjjtN2IFbNS7jqA==
  dependencies:
    "@vue/devtools-api" "^6.6.3"
    vue-demi "^0.14.10"

postcss@^8.4.43, postcss@^8.4.47:
  version "8.4.47"
  resolved "https://registry.yarnpkg.com/postcss/-/postcss-8.4.47.tgz#5bf6c9a010f3e724c503bf03ef7947dcb0fea365"
  integrity sha512-56rxCq7G/XfB4EkXq9Egn5GCqugWvDFjafDOThIdMBsI15iqPqR5r15TfSr1YPYeEI19YeaXMCbY6u88Y76GLQ==
  dependencies:
    nanoid "^3.3.7"
    picocolors "^1.1.0"
    source-map-js "^1.2.1"

punycode.js@^2.3.1:
  version "2.3.1"
  resolved "https://registry.yarnpkg.com/punycode.js/-/punycode.js-2.3.1.tgz#6b53e56ad75588234e79f4affa90972c7dd8cdb7"
  integrity sha512-uxFIHU0YlHYhDQtV4R9J6a52SLx28BCjT+4ieh7IGbgwVJWO+km431c4yRlREUAsAmt/uMjQUyQHNEPf0M39CA==

quasar@^2.0.0:
  version "2.17.1"
  resolved "https://registry.yarnpkg.com/quasar/-/quasar-2.17.1.tgz#3c479cf864507a77736f1a250152bdfc2bb90c6d"
  integrity sha512-4tnprxb+oEFChqcHGeQnprTmsr9gRK/R4N2O6Gg0AxpP22G9ttKeeqhH7+Soyjdi9RUcc6d5Y49T6rRg4hGJXw==

rollup@^4.20.0:
  version "4.24.3"
  resolved "https://registry.yarnpkg.com/rollup/-/rollup-4.24.3.tgz#8b259063740af60b0030315f88665ba2041789b8"
  integrity sha512-HBW896xR5HGmoksbi3JBDtmVzWiPAYqp7wip50hjQ67JbDz61nyoMPdqu1DvVW9asYb2M65Z20ZHsyJCMqMyDg==
  dependencies:
    "@types/estree" "1.0.6"
  optionalDependencies:
    "@rollup/rollup-android-arm-eabi" "4.24.3"
    "@rollup/rollup-android-arm64" "4.24.3"
    "@rollup/rollup-darwin-arm64" "4.24.3"
    "@rollup/rollup-darwin-x64" "4.24.3"
    "@rollup/rollup-freebsd-arm64" "4.24.3"
    "@rollup/rollup-freebsd-x64" "4.24.3"
    "@rollup/rollup-linux-arm-gnueabihf" "4.24.3"
    "@rollup/rollup-linux-arm-musleabihf" "4.24.3"
    "@rollup/rollup-linux-arm64-gnu" "4.24.3"
    "@rollup/rollup-linux-arm64-musl" "4.24.3"
    "@rollup/rollup-linux-powerpc64le-gnu" "4.24.3"
    "@rollup/rollup-linux-riscv64-gnu" "4.24.3"
    "@rollup/rollup-linux-s390x-gnu" "4.24.3"
    "@rollup/rollup-linux-x64-gnu" "4.24.3"
    "@rollup/rollup-linux-x64-musl" "4.24.3"
    "@rollup/rollup-win32-arm64-msvc" "4.24.3"
    "@rollup/rollup-win32-ia32-msvc" "4.24.3"
    "@rollup/rollup-win32-x64-msvc" "4.24.3"
    fsevents "~2.3.2"

rxjs@^7.4.0:
  version "7.8.1"
  resolved "https://registry.yarnpkg.com/rxjs/-/rxjs-7.8.1.tgz#6f6f3d99ea8044291efd92e7c7fcf562c4057543"
  integrity sha512-AA3TVj+0A2iuIoQkWEK/tqFjBq2j+6PO6Y0zJcvzLAFhEFIO3HL0vls9hWLncZbAAbK0mar7oZ4V079I/qPMxg==
  dependencies:
    tslib "^2.1.0"

sass-embedded-android-arm64@1.80.5:
  version "1.80.5"
  resolved "https://registry.yarnpkg.com/sass-embedded-android-arm64/-/sass-embedded-android-arm64-1.80.5.tgz#864c7b50336409056909043cf4431704cdac7180"
  integrity sha512-ZPX/gg28vClcP1p4RbEkP5bHhQB35fI8TucJx/gRJDR+A1nyX4vHYEy+qhkmTSshuiFJQcKjtBgfbRRNC0jSdA==

sass-embedded-android-arm@1.80.5:
  version "1.80.5"
  resolved "https://registry.yarnpkg.com/sass-embedded-android-arm/-/sass-embedded-android-arm-1.80.5.tgz#437a3394f958168ba932573f27bc3ad730110b3e"
  integrity sha512-3af/JRxWJabeADvZTWG7FGGk1O1X+ptHpTwGc+jvtwciTguNnRJy5KOFY0hi0hRfgd/ku6jao2DktwRkC0pz6g==

sass-embedded-android-ia32@1.80.5:
  version "1.80.5"
  resolved "https://registry.yarnpkg.com/sass-embedded-android-ia32/-/sass-embedded-android-ia32-1.80.5.tgz#1f8a0129007d65a8251b11202c9b0fb3c4f0de05"
  integrity sha512-zfKf81HygpBZ8IFo/C9KTJYdZIRVK8w1nbkwlp1n/plubZHN9kGAUWrMRy14lKM2bLripmrjxi4XwRKEt4dWEw==

sass-embedded-android-riscv64@1.80.5:
  version "1.80.5"
  resolved "https://registry.yarnpkg.com/sass-embedded-android-riscv64/-/sass-embedded-android-riscv64-1.80.5.tgz#aa74dc7d2e1132f32ea2c85f50c79d77b86866e2"
  integrity sha512-6Jm72UluidtDSjKRNHV2V6eFBVY9W5v95HEA4oF62WXu/eerB6fvEmqWfKYkSegtPyc8q/1J5dBiKPtQrJjDzw==

sass-embedded-android-x64@1.80.5:
  version "1.80.5"
  resolved "https://registry.yarnpkg.com/sass-embedded-android-x64/-/sass-embedded-android-x64-1.80.5.tgz#7e5df03d7fddd06af35cc9489ca9f299bfc00ccb"
  integrity sha512-v+hpf61/pMOvwYp5FQzRm+Ekv1KXIuhTobAhghfB6ufVJdeGZffu0IXc/NeKXSoOjO9stiwjISnHFT6/9tHXyQ==

sass-embedded-darwin-arm64@1.80.5:
  version "1.80.5"
  resolved "https://registry.yarnpkg.com/sass-embedded-darwin-arm64/-/sass-embedded-darwin-arm64-1.80.5.tgz#311ece020a8e0511a06992725fc925df9f18d065"
  integrity sha512-6P1suMeGiiSdbqwYNbCS4NbgFQaUMgvNMABydPfJ0KssTkFbpnPATQ5k8K1siZbxhw0kyxDbYMJebnpCS1lWbw==

sass-embedded-darwin-x64@1.80.5:
  version "1.80.5"
  resolved "https://registry.yarnpkg.com/sass-embedded-darwin-x64/-/sass-embedded-darwin-x64-1.80.5.tgz#37634191d8f7a2f0408ce5529f1a03136c6c0b41"
  integrity sha512-/QiaUEJsSJYITKz9oO98GJz7Cw8BeDJuQHfXehFg9tMYZDWqskgKqZ0tAX/e0M1eagU8/RVbndav+EY19G+yqg==

sass-embedded-linux-arm64@1.80.5:
  version "1.80.5"
  resolved "https://registry.yarnpkg.com/sass-embedded-linux-arm64/-/sass-embedded-linux-arm64-1.80.5.tgz#c262b6772550ea2edb8e6120499f180bcb30fd0b"
  integrity sha512-M7YV2ZZRZ7BYnAKkFEUxguNf0HLGGu2wxait31qLLdQ3Cm8Oqdnrj4EdwqXm6umWBy9pPAOhptleo6TgxlAJgQ==

sass-embedded-linux-arm@1.80.5:
  version "1.80.5"
  resolved "https://registry.yarnpkg.com/sass-embedded-linux-arm/-/sass-embedded-linux-arm-1.80.5.tgz#2d953b9d13496a0abcc1a124cf9d9323603abc56"
  integrity sha512-N+UkxXdWGSReJ5AOFJzITY5nWI1jjtPlI8+syu5OvQk0r6uvous+XMTAm3GHyETHi1G90f8PU2nDBW0aVrFJ/A==

sass-embedded-linux-ia32@1.80.5:
  version "1.80.5"
  resolved "https://registry.yarnpkg.com/sass-embedded-linux-ia32/-/sass-embedded-linux-ia32-1.80.5.tgz#aba4146de4b6ec9250d63b86d8b3fb2a50e30894"
  integrity sha512-VGv0xJFsoszPGOyClhJSbRQan/zGlwX+skbBkxUnWaK79KYK3rIAt/8L7yvLOuB/QvGcdmbLqVcDaolntK1SWA==

sass-embedded-linux-musl-arm64@1.80.5:
  version "1.80.5"
  resolved "https://registry.yarnpkg.com/sass-embedded-linux-musl-arm64/-/sass-embedded-linux-musl-arm64-1.80.5.tgz#0e3d572b2aa0b6a50a8b783618dbcf2a37ad5c8d"
  integrity sha512-G4qEewtCkP7l1y7Kj2UTJd7KdyJLC8PGg7Pz3ScyIMBwOpAMJYUEy+UEDpIgshv87CigNPzoVeKQZifDBEuXzQ==

sass-embedded-linux-musl-arm@1.80.5:
  version "1.80.5"
  resolved "https://registry.yarnpkg.com/sass-embedded-linux-musl-arm/-/sass-embedded-linux-musl-arm-1.80.5.tgz#10f40e0a420d8e5ec3cd412570f5a1f9edf1f4f7"
  integrity sha512-cZfGOQrfkKYSSsOd1Bdge7IT9604wp/DNCMBi1U2yENHIVftoo8JYdH08wlBUjpD6nuCO3OH9IiMmtRwb5Wa2w==

sass-embedded-linux-musl-ia32@1.80.5:
  version "1.80.5"
  resolved "https://registry.yarnpkg.com/sass-embedded-linux-musl-ia32/-/sass-embedded-linux-musl-ia32-1.80.5.tgz#5ec98101d6c73e1bf884dfbe1c2c59e87f6e61f2"
  integrity sha512-KGykpYQ4LcYecjaAYgKXrWWk9H0/Ls5KSgwNbeaspVjsrYQOQguEOTDS0e/tdjZkS2kVMhorkD9ZySsaucxLdw==

sass-embedded-linux-musl-riscv64@1.80.5:
  version "1.80.5"
  resolved "https://registry.yarnpkg.com/sass-embedded-linux-musl-riscv64/-/sass-embedded-linux-musl-riscv64-1.80.5.tgz#69b9a8db2e467767f2ddcbc11957ea8d249a0de6"
  integrity sha512-ba4NbmyH7hAuWo9v6XrTLZvxDO5bMcgEKBkDhJLyCo2ywioXjXgAuRANt7qAzVz9JJxJnVT2K8bc8aZ+8h7T3A==

sass-embedded-linux-musl-x64@1.80.5:
  version "1.80.5"
  resolved "https://registry.yarnpkg.com/sass-embedded-linux-musl-x64/-/sass-embedded-linux-musl-x64-1.80.5.tgz#fb8a9a72ae3dc3356ea2eb8a008030c60d1dbe9c"
  integrity sha512-oznwZKX4K3vB3yITiV7beDfOrgnL7GpDXjDSVQvH2XuR9c/VueUdzGNpogiXJ/spydJ79eMt2rZCYVD/V9LsUw==

sass-embedded-linux-riscv64@1.80.5:
  version "1.80.5"
  resolved "https://registry.yarnpkg.com/sass-embedded-linux-riscv64/-/sass-embedded-linux-riscv64-1.80.5.tgz#6d9df974ca8a76eac389632efb833d8ca04e4240"
  integrity sha512-hDVRbfA/XPtD0ESlWasvBB00aw50/Ir1pun+a5eTmzuvzgiQ7yT8kRUojfZA3eHWYQFKmjQ1FnIvPk+YjzPplw==

sass-embedded-linux-x64@1.80.5:
  version "1.80.5"
  resolved "https://registry.yarnpkg.com/sass-embedded-linux-x64/-/sass-embedded-linux-x64-1.80.5.tgz#274ddf1b3a7fe78388897bc368d70b6683d16623"
  integrity sha512-jQeCOGFgOk8Dt4nabHiG1Xf0d2ethPuk4VDvfXsWhUiRllahZ+CfqoPPr630AQdaDtcNKwWuXwBsZLyI2wP3aw==

sass-embedded-win32-arm64@1.80.5:
  version "1.80.5"
  resolved "https://registry.yarnpkg.com/sass-embedded-win32-arm64/-/sass-embedded-win32-arm64-1.80.5.tgz#b24f9788fb92787efdf539183068f5d1e8137414"
  integrity sha512-ok85M2ptV81B+EkUs0T1DmRQ6ELgOWJGtnhBt7WwRPalZBl59gFQFNsRWNqxOpROlVYJya+RFnNieq6kQdL9Vg==

sass-embedded-win32-ia32@1.80.5:
  version "1.80.5"
  resolved "https://registry.yarnpkg.com/sass-embedded-win32-ia32/-/sass-embedded-win32-ia32-1.80.5.tgz#637153f70a3ff016b1e7f552b3547c07f0d25558"
  integrity sha512-Bp1Fe2vixWiJnWZ59QjXpyqlyy3DTFjAUhJV5ybKNeISYw6FdY85jSIaM2wH/mt8zTd+ZkoGPBwF5DWueD61ZQ==

sass-embedded-win32-x64@1.80.5:
  version "1.80.5"
  resolved "https://registry.yarnpkg.com/sass-embedded-win32-x64/-/sass-embedded-win32-x64-1.80.5.tgz#397bb3916d520068939c7aab7628a6c5ec1531e7"
  integrity sha512-RJjvNAgi2oVsSTKjAyEfdjlWnpgCVov8sUFvMv97Vcq8i8BCx4oztO3X2P8neFP3QGwHclDqEPINLdiTGHwcZw==

sass-embedded@^1.80.2:
  version "1.80.5"
  resolved "https://registry.yarnpkg.com/sass-embedded/-/sass-embedded-1.80.5.tgz#1cd9dd03a2059aee80ac753e77c0a341fd01e9bc"
  integrity sha512-2rmFO02+NMk1no+OElI+H3+8wf0QDcbjmdIBATJhnPLKzbYbRt88U40rGN4pQWETFZ4hxppOGmGxn9MnHppHjw==
  dependencies:
    "@bufbuild/protobuf" "^2.0.0"
    buffer-builder "^0.2.0"
    colorjs.io "^0.5.0"
    immutable "^4.0.0"
    rxjs "^7.4.0"
    supports-color "^8.1.1"
    varint "^6.0.0"
  optionalDependencies:
    sass-embedded-android-arm "1.80.5"
    sass-embedded-android-arm64 "1.80.5"
    sass-embedded-android-ia32 "1.80.5"
    sass-embedded-android-riscv64 "1.80.5"
    sass-embedded-android-x64 "1.80.5"
    sass-embedded-darwin-arm64 "1.80.5"
    sass-embedded-darwin-x64 "1.80.5"
    sass-embedded-linux-arm "1.80.5"
    sass-embedded-linux-arm64 "1.80.5"
    sass-embedded-linux-ia32 "1.80.5"
    sass-embedded-linux-musl-arm "1.80.5"
    sass-embedded-linux-musl-arm64 "1.80.5"
    sass-embedded-linux-musl-ia32 "1.80.5"
    sass-embedded-linux-musl-riscv64 "1.80.5"
    sass-embedded-linux-musl-x64 "1.80.5"
    sass-embedded-linux-riscv64 "1.80.5"
    sass-embedded-linux-x64 "1.80.5"
    sass-embedded-win32-arm64 "1.80.5"
    sass-embedded-win32-ia32 "1.80.5"
    sass-embedded-win32-x64 "1.80.5"

source-map-js@^1.2.0, source-map-js@^1.2.1:
  version "1.2.1"
  resolved "https://registry.yarnpkg.com/source-map-js/-/source-map-js-1.2.1.tgz#1ce5650fddd87abc099eda37dcff024c2667ae46"
  integrity sha512-UXWMKhLOwVKb728IUtQPXxfYU+usdybtUrK/8uGE8CQMvrhOpwvzDBwj0QhSL7MQc7vIsISBG8VQ8+IDQxpfQA==

supports-color@^8.1.1:
  version "8.1.1"
  resolved "https://registry.yarnpkg.com/supports-color/-/supports-color-8.1.1.tgz#cd6fc17e28500cff56c1b86c0a7fd4a54a73005c"
  integrity sha512-MpUEN2OodtUzxvKQl72cUF7RQ5EiHsGvSsVG0ia9c5RbWGL2CI4C7EpPS8UTBIplnlzZiNuV56w+FuNxy3ty2Q==
  dependencies:
    has-flag "^4.0.0"

tr46@~0.0.3:
  version "0.0.3"
  resolved "https://registry.yarnpkg.com/tr46/-/tr46-0.0.3.tgz#8184fd347dac9cdc185992f3a6622e14b9d9ab6a"
  integrity sha512-N3WMsuqV66lT30CrXNbEjx4GEwlow3v6rr4mCcv6prnfwhS01rkgyFdjPNBYd9br7LpXV1+Emh01fHnq2Gdgrw==

tslib@^2.1.0:
  version "2.8.0"
  resolved "https://registry.yarnpkg.com/tslib/-/tslib-2.8.0.tgz#d124c86c3c05a40a91e6fdea4021bd31d377971b"
  integrity sha512-jWVzBLplnCmoaTr13V9dYbiQ99wvZRd0vNWaDRg+aVYRcjDF3nDksxFDE/+fkXnKhpnUUkmx5pK/v8mCtLVqZA==

uc.micro@^2.0.0, uc.micro@^2.1.0:
  version "2.1.0"
  resolved "https://registry.yarnpkg.com/uc.micro/-/uc.micro-2.1.0.tgz#f8d3f7d0ec4c3dea35a7e3c8efa4cb8b45c9e7ee"
  integrity sha512-ARDJmphmdvUk6Glw7y9DQ2bFkKBHwQHLi2lsaH6PPmz/Ka9sFOBsBluozhDltWmnv9u/cF6Rt87znRTPV+yp/A==

undici-types@~5.26.4:
  version "5.26.5"
  resolved "https://registry.yarnpkg.com/undici-types/-/undici-types-5.26.5.tgz#bcd539893d00b56e964fd2657a4866b221a65617"
  integrity sha512-JlCMO+ehdEIKqlFxk6IfVoAUVmgz7cU7zD/h9XZ0qzeosSHmUJVOzSQvvYSYWXkFXC+IfLKSIffhv0sVZup6pA==

undici-types@~6.19.8:
  version "6.19.8"
  resolved "https://registry.yarnpkg.com/undici-types/-/undici-types-6.19.8.tgz#35111c9d1437ab83a7cdc0abae2f26d88eda0a02"
  integrity sha512-ve2KP6f/JnbPBFyobGHuerC9g1FYGn/F8n1LWTwNxCEzd6IfqTwUQcNXgEtmmQ6DlRrC1hrSrBnCZPokRrDHjw==

varint@^6.0.0:
  version "6.0.0"
  resolved "https://registry.yarnpkg.com/varint/-/varint-6.0.0.tgz#9881eb0ce8feaea6512439d19ddf84bf551661d0"
  integrity sha512-cXEIW6cfr15lFv563k4GuVuW/fiwjknytD37jIOLSdSWuOI6WnO/oKwmP2FQTU2l01LP8/M5TSAJpzUaGe3uWg==

vite@^5.3.1:
  version "5.4.10"
  resolved "https://registry.yarnpkg.com/vite/-/vite-5.4.10.tgz#d358a7bd8beda6cf0f3b7a450a8c7693a4f80c18"
  integrity sha512-1hvaPshuPUtxeQ0hsVH3Mud0ZanOLwVTneA1EgbAM5LhaZEqyPWGRQ7BtaMvUrTDeEaC8pxtj6a6jku3x4z6SQ==
  dependencies:
    esbuild "^0.21.3"
    postcss "^8.4.43"
    rollup "^4.20.0"
  optionalDependencies:
    fsevents "~2.3.3"

vue-demi@^0.14.10:
  version "0.14.10"
  resolved "https://registry.yarnpkg.com/vue-demi/-/vue-demi-0.14.10.tgz#afc78de3d6f9e11bf78c55e8510ee12814522f04"
  integrity sha512-nMZBOwuzabUO0nLgIcc6rycZEebF6eeUfaiQx9+WSk8e29IbLvPU9feI6tqW4kTo3hvoYAJkMh8n8D0fuISphg==

vue@^3.3.4:
  version "3.5.12"
  resolved "https://registry.yarnpkg.com/vue/-/vue-3.5.12.tgz#e08421c601b3617ea2c9ef0413afcc747130b36c"
  integrity sha512-CLVZtXtn2ItBIi/zHZ0Sg1Xkb7+PU32bJJ8Bmy7ts3jxXTcbfsEfBivFYYWz1Hur+lalqGAh65Coin0r+HRUfg==
  dependencies:
    "@vue/compiler-dom" "3.5.12"
    "@vue/compiler-sfc" "3.5.12"
    "@vue/runtime-dom" "3.5.12"
    "@vue/server-renderer" "3.5.12"
    "@vue/shared" "3.5.12"

web-streams-polyfill@4.0.0-beta.3:
  version "4.0.0-beta.3"
  resolved "https://registry.yarnpkg.com/web-streams-polyfill/-/web-streams-polyfill-4.0.0-beta.3.tgz#2898486b74f5156095e473efe989dcf185047a38"
  integrity sha512-QW95TCTaHmsYfHDybGMwO5IJIM93I/6vTRk+daHTWFPhwh+C8Cg7j7XyKrwrj8Ib6vYXe0ocYNrmzY4xAAN6ug==

webidl-conversions@^3.0.0:
  version "3.0.1"
  resolved "https://registry.yarnpkg.com/webidl-conversions/-/webidl-conversions-3.0.1.tgz#24534275e2a7bc6be7bc86611cc16ae0a5654871"
  integrity sha512-2JAn3z8AR6rjK8Sm8orRC0h/bcl/DqL7tRPdGZ4I1CjdF+EaMLmYxBHyXuKL849eucPFhvBoxMsflfOb8kxaeQ==

whatwg-url@^5.0.0:
  version "5.0.0"
  resolved "https://registry.yarnpkg.com/whatwg-url/-/whatwg-url-5.0.0.tgz#966454e8765462e37644d3626f6742ce8b70965d"
  integrity sha512-saE57nupxk6v3HY35+jzBwYa0rKSy0XR8JSxZPwgLr7ys0IBzhGviA1/TUGJLmSVqs8pb9AnvICXEuOHLprYTw==
  dependencies:
    tr46 "~0.0.3"
    webidl-conversions "^3.0.0"
